<Solution>
  <Project Path="MyApp.AuthService/MyApp.AuthService.csproj" />
  <Project Path="MyApp.CoreService/MyApp.CoreService.csproj" />
  <Project Path="MyApp.CreditService/MyApp.CreditService.csproj" />
  <Project Path="MyApp.Gateway/MyApp.Gateway.csproj" />
  <Project Path="MyApp.MobileAppSettingsService/MyApp.MobileAppSettingsService.csproj" />
  <Project Path="MyApp.MonitoringService/MyApp.MonitoringService.csproj" />
  <Project Path="MyApp.UserService/MyApp.UserService.csproj" />
  <Project Path="MyApp.WebAppSettingsService/MyApp.WebAppSettingsService.csproj" />
</Solution>